<Solution>
  <Project Path="src/Avacom.OPS.Core/Avacom.OPS.Core.csproj" />
  <Project Path="src/Avacom.Student/Avacom.Student.csproj" />
  <Project Path="src/Avacom.OPS.Master/Avacom.OPS.Master.csproj" />
  <Project Path="src/Avacom.OPS.Backend.Service/Avacom.OPS.Backend.Service.csproj" />
  <Project Path="tests/Avacom.OPS.Core.Tests/Avacom.OPS.Core.Tests.csproj" />
</Solution>
